// !$*UTF8*$!
{
	archiveVersion = 1;
	classes = {
	};
	objectVersion = 46;
	objects = {

/* Begin PBXBuildFile section */
		0DB0785014C234B300307541 /* UIKit.framework in Frameworks */ = {isa = PBXBuildFile; fileRef = 0DB0784F14C234B300307541 /* UIKit.framework */; };
		0DB0785214C234B300307541 /* Foundation.framework in Frameworks */ = {isa = PBXBuildFile; fileRef = 0DB0785114C234B300307541 /* Foundation.framework */; };
		0DB0785414C234B300307541 /* CoreGraphics.framework in Frameworks */ = {isa = PBXBuildFile; fileRef = 0DB0785314C234B300307541 /* CoreGraphics.framework */; };
		0DB0785A14C234B300307541 /* InfoPlist.strings in Resources */ = {isa = PBXBuildFile; fileRef = 0DB0785814C234B300307541 /* InfoPlist.strings */; };
		0DB0785C14C234B300307541 /* main.m in Sources */ = {isa = PBXBuildFile; fileRef = 0DB0785B14C234B300307541 /* main.m */; };
		0DB0786014C234B300307541 /* RMAppDelegate.m in Sources */ = {isa = PBXBuildFile; fileRef = 0DB0785F14C234B300307541 /* RMAppDelegate.m */; };
		0DB0786314C234B300307541 /* MainStoryboard.storyboard in Resources */ = {isa = PBXBuildFile; fileRef = 0DB0786114C234B300307541 /* MainStoryboard.storyboard */; };
		0DB0786614C234B300307541 /* RMViewController.m in Sources */ = {isa = PBXBuildFile; fileRef = 0DB0786514C234B300307541 /* RMViewController.m */; };
/* End PBXBuildFile section */

/* Begin PBXFileReference section */
		0DB0784B14C234B300307541 /* RMActionSheet.app */ = {isa = PBXFileReference; explicitFileType = wrapper.application; includeInIndex = 0; path = RMActionSheet.app; sourceTree = BUILT_PRODUCTS_DIR; };
		0DB0784F14C234B300307541 /* UIKit.framework */ = {isa = PBXFileReference; lastKnownFileType = wrapper.framework; name = UIKit.framework; path = System/Library/Frameworks/UIKit.framework; sourceTree = SDKROOT; };
		0DB0785114C234B300307541 /* Foundation.framework */ = {isa = PBXFileReference; lastKnownFileType = wrapper.framework; name = Foundation.framework; path = System/Library/Frameworks/Foundation.framework; sourceTree = SDKROOT; };
		0DB0785314C234B300307541 /* CoreGraphics.framework */ = {isa = PBXFileReference; lastKnownFileType = wrapper.framework; name = CoreGraphics.framework; path = System/Library/Frameworks/CoreGraphics.framework; sourceTree = SDKROOT; };
		0DB0785714C234B300307541 /* RMActionSheet-Info.plist */ = {isa = PBXFileReference; path = "RMActionSheet-Info.plist"; sourceTree = "<group>"; };
		0DB0785914C234B300307541 /* en */ = {isa = PBXFileReference; lastKnownFileType = text.plist.strings; name = en; path = en.lproj/InfoPlist.strings; sourceTree = "<group>"; };
		0DB0785B14C234B300307541 /* main.m */ = {isa = PBXFileReference; lastKnownFileType = sourcecode.c.objc; path = main.m; sourceTree = "<group>"; };
		0DB0785D14C234B300307541 /* RMActionSheet-Prefix.pch */ = {isa = PBXFileReference; path = "RMActionSheet-Prefix.pch"; sourceTree = "<group>"; };
		0DB0785E14C234B300307541 /* RMAppDelegate.h */ = {isa = PBXFileReference; path = RMAppDelegate.h; sourceTree = "<group>"; };
		0DB0785F14C234B300307541 /* RMAppDelegate.m */ = {isa = PBXFileReference; lastKnownFileType = sourcecode.c.objc; path = RMAppDelegate.m; sourceTree = "<group>"; };
		0DB0786214C234B300307541 /* en */ = {isa = PBXFileReference; lastKnownFileType = file.storyboard; name = en; path = en.lproj/MainStoryboard.storyboard; sourceTree = "<group>"; };
		0DB0786414C234B300307541 /* RMViewController.h */ = {isa = PBXFileReference; path = RMViewController.h; sourceTree = "<group>"; };
		0DB0786514C234B300307541 /* RMViewController.m */ = {isa = PBXFileReference; lastKnownFileType = sourcecode.c.objc; path = RMViewController.m; sourceTree = "<group>"; };
/* End PBXFileReference section */

/* Begin PBXFrameworksBuildPhase section */
		0DB0784814C234B300307541 /* Frameworks */ = {
			isa = PBXFrameworksBuildPhase;
			buildActionMask = 2147483647;
			files = (
				0DB0785014C234B300307541 /* UIKit.framework in Frameworks */,
				0DB0785214C234B300307541 /* Foundation.framework in Frameworks */,
				0DB0785414C234B300307541 /* CoreGraphics.framework in Frameworks */,
			);
			runOnlyForDeploymentPostprocessing = 0;
		};
/* End PBXFrameworksBuildPhase section */

/* Begin PBXGroup section */
		0DB0784014C234B300307541 = {
			isa = PBXGroup;
			children = (
				0DB0785514C234B300307541 /* RMActionSheet */,
				0DB0784E14C234B300307541 /* Frameworks */,
				0DB0784C14C234B300307541 /* Products */,
			);
			sourceTree = "<group>";
		};
		0DB0784C14C234B300307541 /* Products */ = {
			isa = PBXGroup;
			children = (
				0DB0784B14C234B300307541 /* RMActionSheet.app */,
			);
			name = Products;
			sourceTree = "<group>";
		};
		0DB0784E14C234B300307541 /* Frameworks */ = {
			isa = PBXGroup;
			children = (
				0DB0784F14C234B300307541 /* UIKit.framework */,
				0DB0785114C234B300307541 /* Foundation.framework */,
				0DB0785314C234B300307541 /* CoreGraphics.framework */,
			);
			name = Frameworks;
			sourceTree = "<group>";
		};
		0DB0785514C234B300307541 /* RMActionSheet */ = {
			isa = PBXGroup;
			children = (
				0DB0785E14C234B300307541 /* RMAppDelegate.h */,
				0DB0785F14C234B300307541 /* RMAppDelegate.m */,
				0DB0786114C234B300307541 /* MainStoryboard.storyboard */,
				0DB0786414C234B300307541 /* RMViewController.h */,
				0DB0786514C234B300307541 /* RMViewController.m */,
				0DB0785614C234B300307541 /* Supporting Files */,
			);
			path = RMActionSheet;
			sourceTree = "<group>";
		};
		0DB0785614C234B300307541 /* Supporting Files */ = {
			isa = PBXGroup;
			children = (
				0DB0785714C234B300307541 /* RMActionSheet-Info.plist */,
				0DB0785814C234B300307541 /* InfoPlist.strings */,
				0DB0785B14C234B300307541 /* main.m */,
				0DB0785D14C234B300307541 /* RMActionSheet-Prefix.pch */,
			);
			name = "Supporting Files";
			sourceTree = "<group>";
		};
/* End PBXGroup section */

/* Begin PBXNativeTarget section */
		0DB0784A14C234B300307541 /* RMActionSheet */ = {
			isa = PBXNativeTarget;
			buildConfigurationList = 0DB0786914C234B300307541 /* Build configuration list for PBXNativeTarget "RMActionSheet" */;
			buildPhases = (
				0DB0784714C234B300307541 /* Sources */,
				0DB0784814C234B300307541 /* Frameworks */,
				0DB0784914C234B300307541 /* Resources */,
			);
			buildRules = (
			);
			dependencies = (
			);
			name = RMActionSheet;
			productName = RMActionSheet;
			productReference = 0DB0784B14C234B300307541 /* RMActionSheet.app */;
			productType = "com.apple.product-type.application";
		};
/* End PBXNativeTarget section */

/* Begin PBXProject section */
		0DB0784214C234B300307541 /* Project object */ = {
			isa = PBXProject;
			attributes = {
				LastUpgradeCheck = 0420;
				ORGANIZATIONNAME = "Endloop Mobile";
			};
			buildConfigurationList = 0DB0784514C234B300307541 /* Build configuration list for PBXProject "RMActionSheet" */;
			compatibilityVersion = "Xcode 3.2";
			developmentRegion = English;
			hasScannedForEncodings = 0;
			knownRegions = (
				en,
			);
			mainGroup = 0DB0784014C234B300307541;
			productRefGroup = 0DB0784C14C234B300307541 /* Products */;
			projectDirPath = "";
			projectRoot = "";
			targets = (
				0DB0784A14C234B300307541 /* RMActionSheet */,
			);
		};
/* End PBXProject section */

/* Begin PBXResourcesBuildPhase section */
		0DB0784914C234B300307541 /* Resources */ = {
			isa = PBXResourcesBuildPhase;
			buildActionMask = 2147483647;
			files = (
				0DB0785A14C234B300307541 /* InfoPlist.strings in Resources */,
				0DB0786314C234B300307541 /* MainStoryboard.storyboard in Resources */,
			);
			runOnlyForDeploymentPostprocessing = 0;
		};
/* End PBXResourcesBuildPhase section */

/* Begin PBXSourcesBuildPhase section */
		0DB0784714C234B300307541 /* Sources */ = {
			isa = PBXSourcesBuildPhase;
			buildActionMask = 2147483647;
			files = (
				0DB0785C14C234B300307541 /* main.m in Sources */,
				0DB0786014C234B300307541 /* RMAppDelegate.m in Sources */,
				0DB0786614C234B300307541 /* RMViewController.m in Sources */,
			);
			runOnlyForDeploymentPostprocessing = 0;
		};
/* End PBXSourcesBuildPhase section */

/* Begin PBXVariantGroup section */
		0DB0785814C234B300307541 /* InfoPlist.strings */ = {
			isa = PBXVariantGroup;
			children = (
				0DB0785914C234B300307541 /* en */,
			);
			name = InfoPlist.strings;
			sourceTree = "<group>";
		};
		0DB0786114C234B300307541 /* MainStoryboard.storyboard */ = {
			isa = PBXVariantGroup;
			children = (
				0DB0786214C234B300307541 /* en */,
			);
			name = MainStoryboard.storyboard;
			sourceTree = "<group>";
		};
/* End PBXVariantGroup section */

/* Begin XCBuildConfiguration section */
		0DB0786714C234B300307541 /* Debug */ = {
			isa = XCBuildConfiguration;
			buildSettings = {
				ALWAYS_SEARCH_USER_PATHS = NO;
				ARCHS = "$(ARCHS_STANDARD_32_BIT)";
				CLANG_ENABLE_OBJC_ARC = YES;
				"CODE_SIGN_IDENTITY[sdk=iphoneos*]" = "iPhone Developer";
				COPY_PHASE_STRIP = NO;
				GCC_C_LANGUAGE_STANDARD = gnu99;
				GCC_DYNAMIC_NO_PIC = NO;
				GCC_OPTIMIZATION_LEVEL = 0;
				GCC_PREPROCESSOR_DEFINITIONS = (
					"DEBUG=1",
					"$(inherited)",
				);
				GCC_SYMBOLS_PRIVATE_EXTERN = NO;
				GCC_VERSION = com.apple.compilers.llvm.clang.1_0;
				GCC_WARN_ABOUT_MISSING_PROTOTYPES = YES;
				GCC_WARN_ABOUT_RETURN_TYPE = YES;
				GCC_WARN_UNUSED_VARIABLE = YES;
				IPHONEOS_DEPLOYMENT_TARGET = 5.0;
				SDKROOT = iphoneos;
			};
			name = Debug;
		};
		0DB0786814C234B300307541 /* Release */ = {
			isa = XCBuildConfiguration;
			buildSettings = {
				ALWAYS_SEARCH_USER_PATHS = NO;
				ARCHS = "$(ARCHS_STANDARD_32_BIT)";
				CLANG_ENABLE_OBJC_ARC = YES;
				"CODE_SIGN_IDENTITY[sdk=iphoneos*]" = "iPhone Developer";
				COPY_PHASE_STRIP = YES;
				GCC_C_LANGUAGE_STANDARD = gnu99;
				GCC_VERSION = com.apple.compilers.llvm.clang.1_0;
				GCC_WARN_ABOUT_MISSING_PROTOTYPES = YES;
				GCC_WARN_ABOUT_RETURN_TYPE = YES;
				GCC_WARN_UNUSED_VARIABLE = YES;
				IPHONEOS_DEPLOYMENT_TARGET = 5.0;
				OTHER_CFLAGS = "-DNS_BLOCK_ASSERTIONS=1";
				SDKROOT = iphoneos;
				VALIDATE_PRODUCT = YES;
			};
			name = Release;
		};
		0DB0786A14C234B300307541 /* Debug */ = {
			isa = XCBuildConfiguration;
			buildSettings = {
				GCC_PRECOMPILE_PREFIX_HEADER = YES;
				GCC_PREFIX_HEADER = "RMActionSheet/RMActionSheet-Prefix.pch";
				INFOPLIST_FILE = "RMActionSheet/RMActionSheet-Info.plist";
				PRODUCT_NAME = "$(TARGET_NAME)";
				WRAPPER_EXTENSION = app;
			};
			name = Debug;
		};
		0DB0786B14C234B300307541 /* Release */ = {
			isa = XCBuildConfiguration;
			buildSettings = {
				GCC_PRECOMPILE_PREFIX_HEADER = YES;
				GCC_PREFIX_HEADER = "RMActionSheet/RMActionSheet-Prefix.pch";
				INFOPLIST_FILE = "RMActionSheet/RMActionSheet-Info.plist";
				PRODUCT_NAME = "$(TARGET_NAME)";
				WRAPPER_EXTENSION = app;
			};
			name = Release;
		};
/* End XCBuildConfiguration section */

/* Begin XCConfigurationList section */
		0DB0784514C234B300307541 /* Build configuration list for PBXProject "RMActionSheet" */ = {
			isa = XCConfigurationList;
			buildConfigurations = (
				0DB0786714C234B300307541 /* Debug */,
				0DB0786814C234B300307541 /* Release */,
			);
			defaultConfigurationIsVisible = 0;
			defaultConfigurationName = Release;
		};
		0DB0786914C234B300307541 /* Build configuration list for PBXNativeTarget "RMActionSheet" */ = {
			isa = XCConfigurationList;
			buildConfigurations = (
				0DB0786A14C234B300307541 /* Debug */,
				0DB0786B14C234B300307541 /* Release */,
			);
			defaultConfigurationIsVisible = 0;
		};
/* End XCConfigurationList section */
	};
	rootObject = 0DB0784214C234B300307541 /* Project object */;
}
